
Microsoft Visual Studio Solution File, Format Version 12.00
# Visual Studio Version 17
VisualStudioVersion = 17.9.34622.214
MinimumVisualStudioVersion = 10.0.40219.1
Project("{9A19103F-16F7-4668-BE54-9A1E7A4F7556}") = "LAB1_problem_plecakowy", "LAB1_problem_plecakowy.csproj", "{37660C4B-8027-4417-B6DF-D9D9EE6A3861}"
EndProject
Project("{FAE04EC0-301F-11D3-BF4B-00C04F79EFBC}") = "MSTest Project", "..\MSTest Project\MSTest Project.csproj", "{9740A3DA-DB17-4C76-9E3F-09F3D1EE6154}"
EndProject
Project("{FAE04EC0-301F-11D3-BF4B-00C04F79EFBC}") = "Windows Forms App", "..\Windows Forms App\Windows Forms App.csproj", "{FA98A68F-1A4D-4246-BB3D-19F48732E084}"
EndProject
Global
	GlobalSection(SolutionConfigurationPlatforms) = preSolution
		Debug|Any CPU = Debug|Any CPU
		Release|Any CPU = Release|Any CPU
	EndGlobalSection
	GlobalSection(ProjectConfigurationPlatforms) = postSolution
		{37660C4B-8027-4417-B6DF-D9D9EE6A3861}.Debug|Any CPU.ActiveCfg = Debug|Any CPU
		{37660C4B-8027-4417-B6DF-D9D9EE6A3861}.Debug|Any CPU.Build.0 = Debug|Any CPU
		{37660C4B-8027-4417-B6DF-D9D9EE6A3861}.Release|Any CPU.ActiveCfg = Release|Any CPU
		{37660C4B-8027-4417-B6DF-D9D9EE6A3861}.Release|Any CPU.Build.0 = Release|Any CPU
		{9740A3DA-DB17-4C76-9E3F-09F3D1EE6154}.Debug|Any CPU.ActiveCfg = Debug|Any CPU
		{9740A3DA-DB17-4C76-9E3F-09F3D1EE6154}.Debug|Any CPU.Build.0 = Debug|Any CPU
		{9740A3DA-DB17-4C76-9E3F-09F3D1EE6154}.Release|Any CPU.ActiveCfg = Release|Any CPU
		{9740A3DA-DB17-4C76-9E3F-09F3D1EE6154}.Release|Any CPU.Build.0 = Release|Any CPU
		{FA98A68F-1A4D-4246-BB3D-19F48732E084}.Debug|Any CPU.ActiveCfg = Debug|Any CPU
		{FA98A68F-1A4D-4246-BB3D-19F48732E084}.Debug|Any CPU.Build.0 = Debug|Any CPU
		{FA98A68F-1A4D-4246-BB3D-19F48732E084}.Release|Any CPU.ActiveCfg = Release|Any CPU
		{FA98A68F-1A4D-4246-BB3D-19F48732E084}.Release|Any CPU.Build.0 = Release|Any CPU
	EndGlobalSection
	GlobalSection(SolutionProperties) = preSolution
		HideSolutionNode = FALSE
	EndGlobalSection
	GlobalSection(ExtensibilityGlobals) = postSolution
		SolutionGuid = {1ABE00CA-DF3C-444E-BAF3-BEBE03518335}
	EndGlobalSection
EndGlobal
